
Microsoft Visual Studio Solution File, Format Version 12.00
# Visual Studio 15
VisualStudioVersion = 15.0.27703.2026
MinimumVisualStudioVersion = 10.0.40219.1
Project("{FAE04EC0-301F-11D3-BF4B-00C04F79EFBC}") = "projectmvvm.Android", "projectmvvm\projectmvvm.Android\projectmvvm.Android.csproj", "{AF616D85-70D2-4872-932C-0A04B59B8E17}"
EndProject
Project("{FAE04EC0-301F-11D3-BF4B-00C04F79EFBC}") = "projectmvvm.iOS", "projectmvvm\projectmvvm.iOS\projectmvvm.iOS.csproj", "{02B1CD59-D665-4FAE-86D0-07ECA5287A49}"
EndProject
Project("{FAE04EC0-301F-11D3-BF4B-00C04F79EFBC}") = "projectmvvm", "projectmvvm\projectmvvm\projectmvvm.csproj", "{C1A12EF7-13FE-4FB5-9620-61FF39230F43}"
EndProject
Global
	GlobalSection(SolutionConfigurationPlatforms) = preSolution
		Ad-Hoc|Any CPU = Ad-Hoc|Any CPU
		Ad-Hoc|iPhone = Ad-Hoc|iPhone
		Ad-Hoc|iPhoneSimulator = Ad-Hoc|iPhoneSimulator
		AppStore|Any CPU = AppStore|Any CPU
		AppStore|iPhone = AppStore|iPhone
		AppStore|iPhoneSimulator = AppStore|iPhoneSimulator
		Debug|Any CPU = Debug|Any CPU
		Debug|iPhone = Debug|iPhone
		Debug|iPhoneSimulator = Debug|iPhoneSimulator
		Release|Any CPU = Release|Any CPU
		Release|iPhone = Release|iPhone
		Release|iPhoneSimulator = Release|iPhoneSimulator
	EndGlobalSection
	GlobalSection(ProjectConfigurationPlatforms) = postSolution
		{AF616D85-70D2-4872-932C-0A04B59B8E17}.Ad-Hoc|Any CPU.ActiveCfg = Release|Any CPU
		{AF616D85-70D2-4872-932C-0A04B59B8E17}.Ad-Hoc|Any CPU.Build.0 = Release|Any CPU
		{AF616D85-70D2-4872-932C-0A04B59B8E17}.Ad-Hoc|Any CPU.Deploy.0 = Release|Any CPU
		{AF616D85-70D2-4872-932C-0A04B59B8E17}.Ad-Hoc|iPhone.ActiveCfg = Release|Any CPU
		{AF616D85-70D2-4872-932C-0A04B59B8E17}.Ad-Hoc|iPhone.Build.0 = Release|Any CPU
		{AF616D85-70D2-4872-932C-0A04B59B8E17}.Ad-Hoc|iPhone.Deploy.0 = Release|Any CPU
		{AF616D85-70D2-4872-932C-0A04B59B8E17}.Ad-Hoc|iPhoneSimulator.ActiveCfg = Release|Any CPU
		{AF616D85-70D2-4872-932C-0A04B59B8E17}.Ad-Hoc|iPhoneSimulator.Build.0 = Release|Any CPU
		{AF616D85-70D2-4872-932C-0A04B59B8E17}.Ad-Hoc|iPhoneSimulator.Deploy.0 = Release|Any CPU
		{AF616D85-70D2-4872-932C-0A04B59B8E17}.AppStore|Any CPU.ActiveCfg = Release|Any CPU
		{AF616D85-70D2-4872-932C-0A04B59B8E17}.AppStore|Any CPU.Build.0 = Release|Any CPU
		{AF616D85-70D2-4872-932C-0A04B59B8E17}.AppStore|Any CPU.Deploy.0 = Release|Any CPU
		{AF616D85-70D2-4872-932C-0A04B59B8E17}.AppStore|iPhone.ActiveCfg = Release|Any CPU
		{AF616D85-70D2-4872-932C-0A04B59B8E17}.AppStore|iPhone.Build.0 = Release|Any CPU
		{AF616D85-70D2-4872-932C-0A04B59B8E17}.AppStore|iPhone.Deploy.0 = Release|Any CPU
		{AF616D85-70D2-4872-932C-0A04B59B8E17}.AppStore|iPhoneSimulator.ActiveCfg = Release|Any CPU
		{AF616D85-70D2-4872-932C-0A04B59B8E17}.AppStore|iPhoneSimulator.Build.0 = Release|Any CPU
		{AF616D85-70D2-4872-932C-0A04B59B8E17}.AppStore|iPhoneSimulator.Deploy.0 = Release|Any CPU
		{AF616D85-70D2-4872-932C-0A04B59B8E17}.Debug|Any CPU.ActiveCfg = Debug|Any CPU
		{AF616D85-70D2-4872-932C-0A04B59B8E17}.Debug|Any CPU.Build.0 = Debug|Any CPU
		{AF616D85-70D2-4872-932C-0A04B59B8E17}.Debug|Any CPU.Deploy.0 = Debug|Any CPU
		{AF616D85-70D2-4872-932C-0A04B59B8E17}.Debug|iPhone.ActiveCfg = Debug|Any CPU
		{AF616D85-70D2-4872-932C-0A04B59B8E17}.Debug|iPhone.Build.0 = Debug|Any CPU
		{AF616D85-70D2-4872-932C-0A04B59B8E17}.Debug|iPhone.Deploy.0 = Debug|Any CPU
		{AF616D85-70D2-4872-932C-0A04B59B8E17}.Debug|iPhoneSimulator.ActiveCfg = Debug|Any CPU
		{AF616D85-70D2-4872-932C-0A04B59B8E17}.Debug|iPhoneSimulator.Build.0 = Debug|Any CPU
		{AF616D85-70D2-4872-932C-0A04B59B8E17}.Debug|iPhoneSimulator.Deploy.0 = Debug|Any CPU
		{AF616D85-70D2-4872-932C-0A04B59B8E17}.Release|Any CPU.ActiveCfg = Release|Any CPU
		{AF616D85-70D2-4872-932C-0A04B59B8E17}.Release|Any CPU.Build.0 = Release|Any CPU
		{AF616D85-70D2-4872-932C-0A04B59B8E17}.Release|Any CPU.Deploy.0 = Release|Any CPU
		{AF616D85-70D2-4872-932C-0A04B59B8E17}.Release|iPhone.ActiveCfg = Release|Any CPU
		{AF616D85-70D2-4872-932C-0A04B59B8E17}.Release|iPhone.Build.0 = Release|Any CPU
		{AF616D85-70D2-4872-932C-0A04B59B8E17}.Release|iPhone.Deploy.0 = Release|Any CPU
		{AF616D85-70D2-4872-932C-0A04B59B8E17}.Release|iPhoneSimulator.ActiveCfg = Release|Any CPU
		{AF616D85-70D2-4872-932C-0A04B59B8E17}.Release|iPhoneSimulator.Build.0 = Release|Any CPU
		{AF616D85-70D2-4872-932C-0A04B59B8E17}.Release|iPhoneSimulator.Deploy.0 = Release|Any CPU
		{02B1CD59-D665-4FAE-86D0-07ECA5287A49}.Ad-Hoc|Any CPU.ActiveCfg = Ad-Hoc|iPhone
		{02B1CD59-D665-4FAE-86D0-07ECA5287A49}.Ad-Hoc|Any CPU.Build.0 = Ad-Hoc|iPhone
		{02B1CD59-D665-4FAE-86D0-07ECA5287A49}.Ad-Hoc|Any CPU.Deploy.0 = Ad-Hoc|iPhone
		{02B1CD59-D665-4FAE-86D0-07ECA5287A49}.Ad-Hoc|iPhone.ActiveCfg = Ad-Hoc|iPhone
		{02B1CD59-D665-4FAE-86D0-07ECA5287A49}.Ad-Hoc|iPhone.Build.0 = Ad-Hoc|iPhone
		{02B1CD59-D665-4FAE-86D0-07ECA5287A49}.Ad-Hoc|iPhone.Deploy.0 = Ad-Hoc|iPhone
		{02B1CD59-D665-4FAE-86D0-07ECA5287A49}.Ad-Hoc|iPhoneSimulator.ActiveCfg = Ad-Hoc|iPhoneSimulator
		{02B1CD59-D665-4FAE-86D0-07ECA5287A49}.Ad-Hoc|iPhoneSimulator.Build.0 = Ad-Hoc|iPhoneSimulator
		{02B1CD59-D665-4FAE-86D0-07ECA5287A49}.Ad-Hoc|iPhoneSimulator.Deploy.0 = Ad-Hoc|iPhoneSimulator
		{02B1CD59-D665-4FAE-86D0-07ECA5287A49}.AppStore|Any CPU.ActiveCfg = AppStore|iPhone
		{02B1CD59-D665-4FAE-86D0-07ECA5287A49}.AppStore|Any CPU.Build.0 = AppStore|iPhone
		{02B1CD59-D665-4FAE-86D0-07ECA5287A49}.AppStore|Any CPU.Deploy.0 = AppStore|iPhone
		{02B1CD59-D665-4FAE-86D0-07ECA5287A49}.AppStore|iPhone.ActiveCfg = AppStore|iPhone
		{02B1CD59-D665-4FAE-86D0-07ECA5287A49}.AppStore|iPhone.Build.0 = AppStore|iPhone
		{02B1CD59-D665-4FAE-86D0-07ECA5287A49}.AppStore|iPhone.Deploy.0 = AppStore|iPhone
		{02B1CD59-D665-4FAE-86D0-07ECA5287A49}.AppStore|iPhoneSimulator.ActiveCfg = AppStore|iPhoneSimulator
		{02B1CD59-D665-4FAE-86D0-07ECA5287A49}.AppStore|iPhoneSimulator.Build.0 = AppStore|iPhoneSimulator
		{02B1CD59-D665-4FAE-86D0-07ECA5287A49}.AppStore|iPhoneSimulator.Deploy.0 = AppStore|iPhoneSimulator
		{02B1CD59-D665-4FAE-86D0-07ECA5287A49}.Debug|Any CPU.ActiveCfg = Debug|iPhoneSimulator
		{02B1CD59-D665-4FAE-86D0-07ECA5287A49}.Debug|Any CPU.Build.0 = Debug|iPhoneSimulator
		{02B1CD59-D665-4FAE-86D0-07ECA5287A49}.Debug|Any CPU.Deploy.0 = Debug|iPhoneSimulator
		{02B1CD59-D665-4FAE-86D0-07ECA5287A49}.Debug|iPhone.ActiveCfg = Debug|iPhone
		{02B1CD59-D665-4FAE-86D0-07ECA5287A49}.Debug|iPhone.Build.0 = Debug|iPhone
		{02B1CD59-D665-4FAE-86D0-07ECA5287A49}.Debug|iPhone.Deploy.0 = Debug|iPhone
		{02B1CD59-D665-4FAE-86D0-07ECA5287A49}.Debug|iPhoneSimulator.ActiveCfg = Debug|iPhoneSimulator
		{02B1CD59-D665-4FAE-86D0-07ECA5287A49}.Debug|iPhoneSimulator.Build.0 = Debug|iPhoneSimulator
		{02B1CD59-D665-4FAE-86D0-07ECA5287A49}.Debug|iPhoneSimulator.Deploy.0 = Debug|iPhoneSimulator
		{02B1CD59-D665-4FAE-86D0-07ECA5287A49}.Release|Any CPU.ActiveCfg = Release|iPhone
		{02B1CD59-D665-4FAE-86D0-07ECA5287A49}.Release|Any CPU.Build.0 = Release|iPhone
		{02B1CD59-D665-4FAE-86D0-07ECA5287A49}.Release|Any CPU.Deploy.0 = Release|iPhone
		{02B1CD59-D665-4FAE-86D0-07ECA5287A49}.Release|iPhone.ActiveCfg = Release|iPhone
		{02B1CD59-D665-4FAE-86D0-07ECA5287A49}.Release|iPhone.Build.0 = Release|iPhone
		{02B1CD59-D665-4FAE-86D0-07ECA5287A49}.Release|iPhone.Deploy.0 = Release|iPhone
		{02B1CD59-D665-4FAE-86D0-07ECA5287A49}.Release|iPhoneSimulator.ActiveCfg = Release|iPhoneSimulator
		{02B1CD59-D665-4FAE-86D0-07ECA5287A49}.Release|iPhoneSimulator.Build.0 = Release|iPhoneSimulator
		{02B1CD59-D665-4FAE-86D0-07ECA5287A49}.Release|iPhoneSimulator.Deploy.0 = Release|iPhoneSimulator
		{C1A12EF7-13FE-4FB5-9620-61FF39230F43}.Ad-Hoc|Any CPU.ActiveCfg = Debug|Any CPU
		{C1A12EF7-13FE-4FB5-9620-61FF39230F43}.Ad-Hoc|Any CPU.Build.0 = Debug|Any CPU
		{C1A12EF7-13FE-4FB5-9620-61FF39230F43}.Ad-Hoc|Any CPU.Deploy.0 = Debug|Any CPU
		{C1A12EF7-13FE-4FB5-9620-61FF39230F43}.Ad-Hoc|iPhone.ActiveCfg = Debug|Any CPU
		{C1A12EF7-13FE-4FB5-9620-61FF39230F43}.Ad-Hoc|iPhone.Build.0 = Debug|Any CPU
		{C1A12EF7-13FE-4FB5-9620-61FF39230F43}.Ad-Hoc|iPhone.Deploy.0 = Debug|Any CPU
		{C1A12EF7-13FE-4FB5-9620-61FF39230F43}.Ad-Hoc|iPhoneSimulator.ActiveCfg = Debug|Any CPU
		{C1A12EF7-13FE-4FB5-9620-61FF39230F43}.Ad-Hoc|iPhoneSimulator.Build.0 = Debug|Any CPU
		{C1A12EF7-13FE-4FB5-9620-61FF39230F43}.Ad-Hoc|iPhoneSimulator.Deploy.0 = Debug|Any CPU
		{C1A12EF7-13FE-4FB5-9620-61FF39230F43}.AppStore|Any CPU.ActiveCfg = Debug|Any CPU
		{C1A12EF7-13FE-4FB5-9620-61FF39230F43}.AppStore|Any CPU.Build.0 = Debug|Any CPU
		{C1A12EF7-13FE-4FB5-9620-61FF39230F43}.AppStore|Any CPU.Deploy.0 = Debug|Any CPU
		{C1A12EF7-13FE-4FB5-9620-61FF39230F43}.AppStore|iPhone.ActiveCfg = Debug|Any CPU
		{C1A12EF7-13FE-4FB5-9620-61FF39230F43}.AppStore|iPhone.Build.0 = Debug|Any CPU
		{C1A12EF7-13FE-4FB5-9620-61FF39230F43}.AppStore|iPhone.Deploy.0 = Debug|Any CPU
		{C1A12EF7-13FE-4FB5-9620-61FF39230F43}.AppStore|iPhoneSimulator.ActiveCfg = Debug|Any CPU
		{C1A12EF7-13FE-4FB5-9620-61FF39230F43}.AppStore|iPhoneSimulator.Build.0 = Debug|Any CPU
		{C1A12EF7-13FE-4FB5-9620-61FF39230F43}.AppStore|iPhoneSimulator.Deploy.0 = Debug|Any CPU
		{C1A12EF7-13FE-4FB5-9620-61FF39230F43}.Debug|Any CPU.ActiveCfg = Debug|Any CPU
		{C1A12EF7-13FE-4FB5-9620-61FF39230F43}.Debug|Any CPU.Build.0 = Debug|Any CPU
		{C1A12EF7-13FE-4FB5-9620-61FF39230F43}.Debug|Any CPU.Deploy.0 = Debug|Any CPU
		{C1A12EF7-13FE-4FB5-9620-61FF39230F43}.Debug|iPhone.ActiveCfg = Debug|Any CPU
		{C1A12EF7-13FE-4FB5-9620-61FF39230F43}.Debug|iPhone.Build.0 = Debug|Any CPU
		{C1A12EF7-13FE-4FB5-9620-61FF39230F43}.Debug|iPhone.Deploy.0 = Debug|Any CPU
		{C1A12EF7-13FE-4FB5-9620-61FF39230F43}.Debug|iPhoneSimulator.ActiveCfg = Debug|Any CPU
		{C1A12EF7-13FE-4FB5-9620-61FF39230F43}.Debug|iPhoneSimulator.Build.0 = Debug|Any CPU
		{C1A12EF7-13FE-4FB5-9620-61FF39230F43}.Debug|iPhoneSimulator.Deploy.0 = Debug|Any CPU
		{C1A12EF7-13FE-4FB5-9620-61FF39230F43}.Release|Any CPU.ActiveCfg = Release|Any CPU
		{C1A12EF7-13FE-4FB5-9620-61FF39230F43}.Release|Any CPU.Build.0 = Release|Any CPU
		{C1A12EF7-13FE-4FB5-9620-61FF39230F43}.Release|Any CPU.Deploy.0 = Release|Any CPU
		{C1A12EF7-13FE-4FB5-9620-61FF39230F43}.Release|iPhone.ActiveCfg = Release|Any CPU
		{C1A12EF7-13FE-4FB5-9620-61FF39230F43}.Release|iPhone.Build.0 = Release|Any CPU
		{C1A12EF7-13FE-4FB5-9620-61FF39230F43}.Release|iPhone.Deploy.0 = Release|Any CPU
		{C1A12EF7-13FE-4FB5-9620-61FF39230F43}.Release|iPhoneSimulator.ActiveCfg = Release|Any CPU
		{C1A12EF7-13FE-4FB5-9620-61FF39230F43}.Release|iPhoneSimulator.Build.0 = Release|Any CPU
		{C1A12EF7-13FE-4FB5-9620-61FF39230F43}.Release|iPhoneSimulator.Deploy.0 = Release|Any CPU
	EndGlobalSection
	GlobalSection(SolutionProperties) = preSolution
		HideSolutionNode = FALSE
	EndGlobalSection
	GlobalSection(ExtensibilityGlobals) = postSolution
		SolutionGuid = {604F35C0-3A3D-4206-834B-24AF645C885E}
	EndGlobalSection
EndGlobal
