
Microsoft Visual Studio Solution File, Format Version 12.00
# Visual Studio 15
VisualStudioVersion = 15.0.27703.2026
MinimumVisualStudioVersion = 10.0.40219.1
Project("{FAE04EC0-301F-11D3-BF4B-00C04F79EFBC}") = "AppRauSach.Android", "AppRauSach\AppRauSach.Android\AppRauSach.Android.csproj", "{35BA8100-86C1-400D-B852-85CFC2416379}"
EndProject
Project("{FAE04EC0-301F-11D3-BF4B-00C04F79EFBC}") = "AppRauSach.iOS", "AppRauSach\AppRauSach.iOS\AppRauSach.iOS.csproj", "{C63AD6A4-9286-4431-90E1-11DB8B719978}"
EndProject
Project("{FAE04EC0-301F-11D3-BF4B-00C04F79EFBC}") = "AppRauSach", "AppRauSach\AppRauSach\AppRauSach.csproj", "{432625BE-EC8E-4A4D-858E-17B5DE3F6CC4}"
EndProject
Global
	GlobalSection(SolutionConfigurationPlatforms) = preSolution
		Ad-Hoc|Any CPU = Ad-Hoc|Any CPU
		Ad-Hoc|iPhone = Ad-Hoc|iPhone
		Ad-Hoc|iPhoneSimulator = Ad-Hoc|iPhoneSimulator
		AppStore|Any CPU = AppStore|Any CPU
		AppStore|iPhone = AppStore|iPhone
		AppStore|iPhoneSimulator = AppStore|iPhoneSimulator
		Debug|Any CPU = Debug|Any CPU
		Debug|iPhone = Debug|iPhone
		Debug|iPhoneSimulator = Debug|iPhoneSimulator
		Release|Any CPU = Release|Any CPU
		Release|iPhone = Release|iPhone
		Release|iPhoneSimulator = Release|iPhoneSimulator
	EndGlobalSection
	GlobalSection(ProjectConfigurationPlatforms) = postSolution
		{35BA8100-86C1-400D-B852-85CFC2416379}.Ad-Hoc|Any CPU.ActiveCfg = Release|Any CPU
		{35BA8100-86C1-400D-B852-85CFC2416379}.Ad-Hoc|Any CPU.Build.0 = Release|Any CPU
		{35BA8100-86C1-400D-B852-85CFC2416379}.Ad-Hoc|Any CPU.Deploy.0 = Release|Any CPU
		{35BA8100-86C1-400D-B852-85CFC2416379}.Ad-Hoc|iPhone.ActiveCfg = Release|Any CPU
		{35BA8100-86C1-400D-B852-85CFC2416379}.Ad-Hoc|iPhone.Build.0 = Release|Any CPU
		{35BA8100-86C1-400D-B852-85CFC2416379}.Ad-Hoc|iPhone.Deploy.0 = Release|Any CPU
		{35BA8100-86C1-400D-B852-85CFC2416379}.Ad-Hoc|iPhoneSimulator.ActiveCfg = Release|Any CPU
		{35BA8100-86C1-400D-B852-85CFC2416379}.Ad-Hoc|iPhoneSimulator.Build.0 = Release|Any CPU
		{35BA8100-86C1-400D-B852-85CFC2416379}.Ad-Hoc|iPhoneSimulator.Deploy.0 = Release|Any CPU
		{35BA8100-86C1-400D-B852-85CFC2416379}.AppStore|Any CPU.ActiveCfg = Release|Any CPU
		{35BA8100-86C1-400D-B852-85CFC2416379}.AppStore|Any CPU.Build.0 = Release|Any CPU
		{35BA8100-86C1-400D-B852-85CFC2416379}.AppStore|Any CPU.Deploy.0 = Release|Any CPU
		{35BA8100-86C1-400D-B852-85CFC2416379}.AppStore|iPhone.ActiveCfg = Release|Any CPU
		{35BA8100-86C1-400D-B852-85CFC2416379}.AppStore|iPhone.Build.0 = Release|Any CPU
		{35BA8100-86C1-400D-B852-85CFC2416379}.AppStore|iPhone.Deploy.0 = Release|Any CPU
		{35BA8100-86C1-400D-B852-85CFC2416379}.AppStore|iPhoneSimulator.ActiveCfg = Release|Any CPU
		{35BA8100-86C1-400D-B852-85CFC2416379}.AppStore|iPhoneSimulator.Build.0 = Release|Any CPU
		{35BA8100-86C1-400D-B852-85CFC2416379}.AppStore|iPhoneSimulator.Deploy.0 = Release|Any CPU
		{35BA8100-86C1-400D-B852-85CFC2416379}.Debug|Any CPU.ActiveCfg = Debug|Any CPU
		{35BA8100-86C1-400D-B852-85CFC2416379}.Debug|Any CPU.Build.0 = Debug|Any CPU
		{35BA8100-86C1-400D-B852-85CFC2416379}.Debug|Any CPU.Deploy.0 = Debug|Any CPU
		{35BA8100-86C1-400D-B852-85CFC2416379}.Debug|iPhone.ActiveCfg = Debug|Any CPU
		{35BA8100-86C1-400D-B852-85CFC2416379}.Debug|iPhone.Build.0 = Debug|Any CPU
		{35BA8100-86C1-400D-B852-85CFC2416379}.Debug|iPhone.Deploy.0 = Debug|Any CPU
		{35BA8100-86C1-400D-B852-85CFC2416379}.Debug|iPhoneSimulator.ActiveCfg = Debug|Any CPU
		{35BA8100-86C1-400D-B852-85CFC2416379}.Debug|iPhoneSimulator.Build.0 = Debug|Any CPU
		{35BA8100-86C1-400D-B852-85CFC2416379}.Debug|iPhoneSimulator.Deploy.0 = Debug|Any CPU
		{35BA8100-86C1-400D-B852-85CFC2416379}.Release|Any CPU.ActiveCfg = Release|Any CPU
		{35BA8100-86C1-400D-B852-85CFC2416379}.Release|Any CPU.Build.0 = Release|Any CPU
		{35BA8100-86C1-400D-B852-85CFC2416379}.Release|Any CPU.Deploy.0 = Release|Any CPU
		{35BA8100-86C1-400D-B852-85CFC2416379}.Release|iPhone.ActiveCfg = Release|Any CPU
		{35BA8100-86C1-400D-B852-85CFC2416379}.Release|iPhone.Build.0 = Release|Any CPU
		{35BA8100-86C1-400D-B852-85CFC2416379}.Release|iPhone.Deploy.0 = Release|Any CPU
		{35BA8100-86C1-400D-B852-85CFC2416379}.Release|iPhoneSimulator.ActiveCfg = Release|Any CPU
		{35BA8100-86C1-400D-B852-85CFC2416379}.Release|iPhoneSimulator.Build.0 = Release|Any CPU
		{35BA8100-86C1-400D-B852-85CFC2416379}.Release|iPhoneSimulator.Deploy.0 = Release|Any CPU
		{C63AD6A4-9286-4431-90E1-11DB8B719978}.Ad-Hoc|Any CPU.ActiveCfg = Ad-Hoc|iPhone
		{C63AD6A4-9286-4431-90E1-11DB8B719978}.Ad-Hoc|Any CPU.Build.0 = Ad-Hoc|iPhone
		{C63AD6A4-9286-4431-90E1-11DB8B719978}.Ad-Hoc|Any CPU.Deploy.0 = Ad-Hoc|iPhone
		{C63AD6A4-9286-4431-90E1-11DB8B719978}.Ad-Hoc|iPhone.ActiveCfg = Ad-Hoc|iPhone
		{C63AD6A4-9286-4431-90E1-11DB8B719978}.Ad-Hoc|iPhone.Build.0 = Ad-Hoc|iPhone
		{C63AD6A4-9286-4431-90E1-11DB8B719978}.Ad-Hoc|iPhone.Deploy.0 = Ad-Hoc|iPhone
		{C63AD6A4-9286-4431-90E1-11DB8B719978}.Ad-Hoc|iPhoneSimulator.ActiveCfg = Ad-Hoc|iPhoneSimulator
		{C63AD6A4-9286-4431-90E1-11DB8B719978}.Ad-Hoc|iPhoneSimulator.Build.0 = Ad-Hoc|iPhoneSimulator
		{C63AD6A4-9286-4431-90E1-11DB8B719978}.Ad-Hoc|iPhoneSimulator.Deploy.0 = Ad-Hoc|iPhoneSimulator
		{C63AD6A4-9286-4431-90E1-11DB8B719978}.AppStore|Any CPU.ActiveCfg = AppStore|iPhone
		{C63AD6A4-9286-4431-90E1-11DB8B719978}.AppStore|Any CPU.Build.0 = AppStore|iPhone
		{C63AD6A4-9286-4431-90E1-11DB8B719978}.AppStore|Any CPU.Deploy.0 = AppStore|iPhone
		{C63AD6A4-9286-4431-90E1-11DB8B719978}.AppStore|iPhone.ActiveCfg = AppStore|iPhone
		{C63AD6A4-9286-4431-90E1-11DB8B719978}.AppStore|iPhone.Build.0 = AppStore|iPhone
		{C63AD6A4-9286-4431-90E1-11DB8B719978}.AppStore|iPhone.Deploy.0 = AppStore|iPhone
		{C63AD6A4-9286-4431-90E1-11DB8B719978}.AppStore|iPhoneSimulator.ActiveCfg = AppStore|iPhoneSimulator
		{C63AD6A4-9286-4431-90E1-11DB8B719978}.AppStore|iPhoneSimulator.Build.0 = AppStore|iPhoneSimulator
		{C63AD6A4-9286-4431-90E1-11DB8B719978}.AppStore|iPhoneSimulator.Deploy.0 = AppStore|iPhoneSimulator
		{C63AD6A4-9286-4431-90E1-11DB8B719978}.Debug|Any CPU.ActiveCfg = Debug|iPhoneSimulator
		{C63AD6A4-9286-4431-90E1-11DB8B719978}.Debug|Any CPU.Build.0 = Debug|iPhoneSimulator
		{C63AD6A4-9286-4431-90E1-11DB8B719978}.Debug|Any CPU.Deploy.0 = Debug|iPhoneSimulator
		{C63AD6A4-9286-4431-90E1-11DB8B719978}.Debug|iPhone.ActiveCfg = Debug|iPhone
		{C63AD6A4-9286-4431-90E1-11DB8B719978}.Debug|iPhone.Build.0 = Debug|iPhone
		{C63AD6A4-9286-4431-90E1-11DB8B719978}.Debug|iPhone.Deploy.0 = Debug|iPhone
		{C63AD6A4-9286-4431-90E1-11DB8B719978}.Debug|iPhoneSimulator.ActiveCfg = Debug|iPhoneSimulator
		{C63AD6A4-9286-4431-90E1-11DB8B719978}.Debug|iPhoneSimulator.Build.0 = Debug|iPhoneSimulator
		{C63AD6A4-9286-4431-90E1-11DB8B719978}.Debug|iPhoneSimulator.Deploy.0 = Debug|iPhoneSimulator
		{C63AD6A4-9286-4431-90E1-11DB8B719978}.Release|Any CPU.ActiveCfg = Release|iPhone
		{C63AD6A4-9286-4431-90E1-11DB8B719978}.Release|Any CPU.Build.0 = Release|iPhone
		{C63AD6A4-9286-4431-90E1-11DB8B719978}.Release|Any CPU.Deploy.0 = Release|iPhone
		{C63AD6A4-9286-4431-90E1-11DB8B719978}.Release|iPhone.ActiveCfg = Release|iPhone
		{C63AD6A4-9286-4431-90E1-11DB8B719978}.Release|iPhone.Build.0 = Release|iPhone
		{C63AD6A4-9286-4431-90E1-11DB8B719978}.Release|iPhone.Deploy.0 = Release|iPhone
		{C63AD6A4-9286-4431-90E1-11DB8B719978}.Release|iPhoneSimulator.ActiveCfg = Release|iPhoneSimulator
		{C63AD6A4-9286-4431-90E1-11DB8B719978}.Release|iPhoneSimulator.Build.0 = Release|iPhoneSimulator
		{C63AD6A4-9286-4431-90E1-11DB8B719978}.Release|iPhoneSimulator.Deploy.0 = Release|iPhoneSimulator
		{432625BE-EC8E-4A4D-858E-17B5DE3F6CC4}.Ad-Hoc|Any CPU.ActiveCfg = Debug|Any CPU
		{432625BE-EC8E-4A4D-858E-17B5DE3F6CC4}.Ad-Hoc|Any CPU.Build.0 = Debug|Any CPU
		{432625BE-EC8E-4A4D-858E-17B5DE3F6CC4}.Ad-Hoc|Any CPU.Deploy.0 = Debug|Any CPU
		{432625BE-EC8E-4A4D-858E-17B5DE3F6CC4}.Ad-Hoc|iPhone.ActiveCfg = Debug|Any CPU
		{432625BE-EC8E-4A4D-858E-17B5DE3F6CC4}.Ad-Hoc|iPhone.Build.0 = Debug|Any CPU
		{432625BE-EC8E-4A4D-858E-17B5DE3F6CC4}.Ad-Hoc|iPhone.Deploy.0 = Debug|Any CPU
		{432625BE-EC8E-4A4D-858E-17B5DE3F6CC4}.Ad-Hoc|iPhoneSimulator.ActiveCfg = Debug|Any CPU
		{432625BE-EC8E-4A4D-858E-17B5DE3F6CC4}.Ad-Hoc|iPhoneSimulator.Build.0 = Debug|Any CPU
		{432625BE-EC8E-4A4D-858E-17B5DE3F6CC4}.Ad-Hoc|iPhoneSimulator.Deploy.0 = Debug|Any CPU
		{432625BE-EC8E-4A4D-858E-17B5DE3F6CC4}.AppStore|Any CPU.ActiveCfg = Debug|Any CPU
		{432625BE-EC8E-4A4D-858E-17B5DE3F6CC4}.AppStore|Any CPU.Build.0 = Debug|Any CPU
		{432625BE-EC8E-4A4D-858E-17B5DE3F6CC4}.AppStore|Any CPU.Deploy.0 = Debug|Any CPU
		{432625BE-EC8E-4A4D-858E-17B5DE3F6CC4}.AppStore|iPhone.ActiveCfg = Debug|Any CPU
		{432625BE-EC8E-4A4D-858E-17B5DE3F6CC4}.AppStore|iPhone.Build.0 = Debug|Any CPU
		{432625BE-EC8E-4A4D-858E-17B5DE3F6CC4}.AppStore|iPhone.Deploy.0 = Debug|Any CPU
		{432625BE-EC8E-4A4D-858E-17B5DE3F6CC4}.AppStore|iPhoneSimulator.ActiveCfg = Debug|Any CPU
		{432625BE-EC8E-4A4D-858E-17B5DE3F6CC4}.AppStore|iPhoneSimulator.Build.0 = Debug|Any CPU
		{432625BE-EC8E-4A4D-858E-17B5DE3F6CC4}.AppStore|iPhoneSimulator.Deploy.0 = Debug|Any CPU
		{432625BE-EC8E-4A4D-858E-17B5DE3F6CC4}.Debug|Any CPU.ActiveCfg = Debug|Any CPU
		{432625BE-EC8E-4A4D-858E-17B5DE3F6CC4}.Debug|Any CPU.Build.0 = Debug|Any CPU
		{432625BE-EC8E-4A4D-858E-17B5DE3F6CC4}.Debug|Any CPU.Deploy.0 = Debug|Any CPU
		{432625BE-EC8E-4A4D-858E-17B5DE3F6CC4}.Debug|iPhone.ActiveCfg = Debug|Any CPU
		{432625BE-EC8E-4A4D-858E-17B5DE3F6CC4}.Debug|iPhone.Build.0 = Debug|Any CPU
		{432625BE-EC8E-4A4D-858E-17B5DE3F6CC4}.Debug|iPhone.Deploy.0 = Debug|Any CPU
		{432625BE-EC8E-4A4D-858E-17B5DE3F6CC4}.Debug|iPhoneSimulator.ActiveCfg = Debug|Any CPU
		{432625BE-EC8E-4A4D-858E-17B5DE3F6CC4}.Debug|iPhoneSimulator.Build.0 = Debug|Any CPU
		{432625BE-EC8E-4A4D-858E-17B5DE3F6CC4}.Debug|iPhoneSimulator.Deploy.0 = Debug|Any CPU
		{432625BE-EC8E-4A4D-858E-17B5DE3F6CC4}.Release|Any CPU.ActiveCfg = Release|Any CPU
		{432625BE-EC8E-4A4D-858E-17B5DE3F6CC4}.Release|Any CPU.Build.0 = Release|Any CPU
		{432625BE-EC8E-4A4D-858E-17B5DE3F6CC4}.Release|Any CPU.Deploy.0 = Release|Any CPU
		{432625BE-EC8E-4A4D-858E-17B5DE3F6CC4}.Release|iPhone.ActiveCfg = Release|Any CPU
		{432625BE-EC8E-4A4D-858E-17B5DE3F6CC4}.Release|iPhone.Build.0 = Release|Any CPU
		{432625BE-EC8E-4A4D-858E-17B5DE3F6CC4}.Release|iPhone.Deploy.0 = Release|Any CPU
		{432625BE-EC8E-4A4D-858E-17B5DE3F6CC4}.Release|iPhoneSimulator.ActiveCfg = Release|Any CPU
		{432625BE-EC8E-4A4D-858E-17B5DE3F6CC4}.Release|iPhoneSimulator.Build.0 = Release|Any CPU
		{432625BE-EC8E-4A4D-858E-17B5DE3F6CC4}.Release|iPhoneSimulator.Deploy.0 = Release|Any CPU
	EndGlobalSection
	GlobalSection(SolutionProperties) = preSolution
		HideSolutionNode = FALSE
	EndGlobalSection
	GlobalSection(ExtensibilityGlobals) = postSolution
		SolutionGuid = {BA21ED1F-0F7D-404B-9AEB-2208AA6200C6}
	EndGlobalSection
EndGlobal
