
Microsoft Visual Studio Solution File, Format Version 12.00
# Visual Studio 15
VisualStudioVersion = 15.0.27703.2026
MinimumVisualStudioVersion = 10.0.40219.1
Project("{FAE04EC0-301F-11D3-BF4B-00C04F79EFBC}") = "XamarinAppRauv2.Android", "XamarinAppRauv2\XamarinAppRauv2.Android\XamarinAppRauv2.Android.csproj", "{77FA2F4F-8777-4E3C-B1EC-0C7B2610F104}"
EndProject
Project("{FAE04EC0-301F-11D3-BF4B-00C04F79EFBC}") = "XamarinAppRauv2.iOS", "XamarinAppRauv2\XamarinAppRauv2.iOS\XamarinAppRauv2.iOS.csproj", "{9CBCCAED-D9A7-4E74-BB5E-6D6E9DD92487}"
EndProject
Project("{9A19103F-16F7-4668-BE54-9A1E7A4F7556}") = "XamarinAppRauv2", "XamarinAppRauv2\XamarinAppRauv2\XamarinAppRauv2.csproj", "{506727B2-66D4-408B-B24E-348F587413E0}"
EndProject
Global
	GlobalSection(SolutionConfigurationPlatforms) = preSolution
		Ad-Hoc|Any CPU = Ad-Hoc|Any CPU
		Ad-Hoc|iPhone = Ad-Hoc|iPhone
		Ad-Hoc|iPhoneSimulator = Ad-Hoc|iPhoneSimulator
		AppStore|Any CPU = AppStore|Any CPU
		AppStore|iPhone = AppStore|iPhone
		AppStore|iPhoneSimulator = AppStore|iPhoneSimulator
		Debug|Any CPU = Debug|Any CPU
		Debug|iPhone = Debug|iPhone
		Debug|iPhoneSimulator = Debug|iPhoneSimulator
		Release|Any CPU = Release|Any CPU
		Release|iPhone = Release|iPhone
		Release|iPhoneSimulator = Release|iPhoneSimulator
	EndGlobalSection
	GlobalSection(ProjectConfigurationPlatforms) = postSolution
		{77FA2F4F-8777-4E3C-B1EC-0C7B2610F104}.Ad-Hoc|Any CPU.ActiveCfg = Release|Any CPU
		{77FA2F4F-8777-4E3C-B1EC-0C7B2610F104}.Ad-Hoc|Any CPU.Build.0 = Release|Any CPU
		{77FA2F4F-8777-4E3C-B1EC-0C7B2610F104}.Ad-Hoc|Any CPU.Deploy.0 = Release|Any CPU
		{77FA2F4F-8777-4E3C-B1EC-0C7B2610F104}.Ad-Hoc|iPhone.ActiveCfg = Release|Any CPU
		{77FA2F4F-8777-4E3C-B1EC-0C7B2610F104}.Ad-Hoc|iPhone.Build.0 = Release|Any CPU
		{77FA2F4F-8777-4E3C-B1EC-0C7B2610F104}.Ad-Hoc|iPhone.Deploy.0 = Release|Any CPU
		{77FA2F4F-8777-4E3C-B1EC-0C7B2610F104}.Ad-Hoc|iPhoneSimulator.ActiveCfg = Release|Any CPU
		{77FA2F4F-8777-4E3C-B1EC-0C7B2610F104}.Ad-Hoc|iPhoneSimulator.Build.0 = Release|Any CPU
		{77FA2F4F-8777-4E3C-B1EC-0C7B2610F104}.Ad-Hoc|iPhoneSimulator.Deploy.0 = Release|Any CPU
		{77FA2F4F-8777-4E3C-B1EC-0C7B2610F104}.AppStore|Any CPU.ActiveCfg = Release|Any CPU
		{77FA2F4F-8777-4E3C-B1EC-0C7B2610F104}.AppStore|Any CPU.Build.0 = Release|Any CPU
		{77FA2F4F-8777-4E3C-B1EC-0C7B2610F104}.AppStore|Any CPU.Deploy.0 = Release|Any CPU
		{77FA2F4F-8777-4E3C-B1EC-0C7B2610F104}.AppStore|iPhone.ActiveCfg = Release|Any CPU
		{77FA2F4F-8777-4E3C-B1EC-0C7B2610F104}.AppStore|iPhone.Build.0 = Release|Any CPU
		{77FA2F4F-8777-4E3C-B1EC-0C7B2610F104}.AppStore|iPhone.Deploy.0 = Release|Any CPU
		{77FA2F4F-8777-4E3C-B1EC-0C7B2610F104}.AppStore|iPhoneSimulator.ActiveCfg = Release|Any CPU
		{77FA2F4F-8777-4E3C-B1EC-0C7B2610F104}.AppStore|iPhoneSimulator.Build.0 = Release|Any CPU
		{77FA2F4F-8777-4E3C-B1EC-0C7B2610F104}.AppStore|iPhoneSimulator.Deploy.0 = Release|Any CPU
		{77FA2F4F-8777-4E3C-B1EC-0C7B2610F104}.Debug|Any CPU.ActiveCfg = Debug|Any CPU
		{77FA2F4F-8777-4E3C-B1EC-0C7B2610F104}.Debug|Any CPU.Build.0 = Debug|Any CPU
		{77FA2F4F-8777-4E3C-B1EC-0C7B2610F104}.Debug|Any CPU.Deploy.0 = Debug|Any CPU
		{77FA2F4F-8777-4E3C-B1EC-0C7B2610F104}.Debug|iPhone.ActiveCfg = Debug|Any CPU
		{77FA2F4F-8777-4E3C-B1EC-0C7B2610F104}.Debug|iPhone.Build.0 = Debug|Any CPU
		{77FA2F4F-8777-4E3C-B1EC-0C7B2610F104}.Debug|iPhone.Deploy.0 = Debug|Any CPU
		{77FA2F4F-8777-4E3C-B1EC-0C7B2610F104}.Debug|iPhoneSimulator.ActiveCfg = Debug|Any CPU
		{77FA2F4F-8777-4E3C-B1EC-0C7B2610F104}.Debug|iPhoneSimulator.Build.0 = Debug|Any CPU
		{77FA2F4F-8777-4E3C-B1EC-0C7B2610F104}.Debug|iPhoneSimulator.Deploy.0 = Debug|Any CPU
		{77FA2F4F-8777-4E3C-B1EC-0C7B2610F104}.Release|Any CPU.ActiveCfg = Release|Any CPU
		{77FA2F4F-8777-4E3C-B1EC-0C7B2610F104}.Release|Any CPU.Build.0 = Release|Any CPU
		{77FA2F4F-8777-4E3C-B1EC-0C7B2610F104}.Release|Any CPU.Deploy.0 = Release|Any CPU
		{77FA2F4F-8777-4E3C-B1EC-0C7B2610F104}.Release|iPhone.ActiveCfg = Release|Any CPU
		{77FA2F4F-8777-4E3C-B1EC-0C7B2610F104}.Release|iPhone.Build.0 = Release|Any CPU
		{77FA2F4F-8777-4E3C-B1EC-0C7B2610F104}.Release|iPhone.Deploy.0 = Release|Any CPU
		{77FA2F4F-8777-4E3C-B1EC-0C7B2610F104}.Release|iPhoneSimulator.ActiveCfg = Release|Any CPU
		{77FA2F4F-8777-4E3C-B1EC-0C7B2610F104}.Release|iPhoneSimulator.Build.0 = Release|Any CPU
		{77FA2F4F-8777-4E3C-B1EC-0C7B2610F104}.Release|iPhoneSimulator.Deploy.0 = Release|Any CPU
		{9CBCCAED-D9A7-4E74-BB5E-6D6E9DD92487}.Ad-Hoc|Any CPU.ActiveCfg = Ad-Hoc|iPhone
		{9CBCCAED-D9A7-4E74-BB5E-6D6E9DD92487}.Ad-Hoc|Any CPU.Build.0 = Ad-Hoc|iPhone
		{9CBCCAED-D9A7-4E74-BB5E-6D6E9DD92487}.Ad-Hoc|Any CPU.Deploy.0 = Ad-Hoc|iPhone
		{9CBCCAED-D9A7-4E74-BB5E-6D6E9DD92487}.Ad-Hoc|iPhone.ActiveCfg = Ad-Hoc|iPhone
		{9CBCCAED-D9A7-4E74-BB5E-6D6E9DD92487}.Ad-Hoc|iPhone.Build.0 = Ad-Hoc|iPhone
		{9CBCCAED-D9A7-4E74-BB5E-6D6E9DD92487}.Ad-Hoc|iPhone.Deploy.0 = Ad-Hoc|iPhone
		{9CBCCAED-D9A7-4E74-BB5E-6D6E9DD92487}.Ad-Hoc|iPhoneSimulator.ActiveCfg = Ad-Hoc|iPhoneSimulator
		{9CBCCAED-D9A7-4E74-BB5E-6D6E9DD92487}.Ad-Hoc|iPhoneSimulator.Build.0 = Ad-Hoc|iPhoneSimulator
		{9CBCCAED-D9A7-4E74-BB5E-6D6E9DD92487}.Ad-Hoc|iPhoneSimulator.Deploy.0 = Ad-Hoc|iPhoneSimulator
		{9CBCCAED-D9A7-4E74-BB5E-6D6E9DD92487}.AppStore|Any CPU.ActiveCfg = AppStore|iPhone
		{9CBCCAED-D9A7-4E74-BB5E-6D6E9DD92487}.AppStore|Any CPU.Build.0 = AppStore|iPhone
		{9CBCCAED-D9A7-4E74-BB5E-6D6E9DD92487}.AppStore|Any CPU.Deploy.0 = AppStore|iPhone
		{9CBCCAED-D9A7-4E74-BB5E-6D6E9DD92487}.AppStore|iPhone.ActiveCfg = AppStore|iPhone
		{9CBCCAED-D9A7-4E74-BB5E-6D6E9DD92487}.AppStore|iPhone.Build.0 = AppStore|iPhone
		{9CBCCAED-D9A7-4E74-BB5E-6D6E9DD92487}.AppStore|iPhone.Deploy.0 = AppStore|iPhone
		{9CBCCAED-D9A7-4E74-BB5E-6D6E9DD92487}.AppStore|iPhoneSimulator.ActiveCfg = AppStore|iPhoneSimulator
		{9CBCCAED-D9A7-4E74-BB5E-6D6E9DD92487}.AppStore|iPhoneSimulator.Build.0 = AppStore|iPhoneSimulator
		{9CBCCAED-D9A7-4E74-BB5E-6D6E9DD92487}.AppStore|iPhoneSimulator.Deploy.0 = AppStore|iPhoneSimulator
		{9CBCCAED-D9A7-4E74-BB5E-6D6E9DD92487}.Debug|Any CPU.ActiveCfg = Debug|iPhoneSimulator
		{9CBCCAED-D9A7-4E74-BB5E-6D6E9DD92487}.Debug|Any CPU.Build.0 = Debug|iPhoneSimulator
		{9CBCCAED-D9A7-4E74-BB5E-6D6E9DD92487}.Debug|Any CPU.Deploy.0 = Debug|iPhoneSimulator
		{9CBCCAED-D9A7-4E74-BB5E-6D6E9DD92487}.Debug|iPhone.ActiveCfg = Debug|iPhone
		{9CBCCAED-D9A7-4E74-BB5E-6D6E9DD92487}.Debug|iPhone.Build.0 = Debug|iPhone
		{9CBCCAED-D9A7-4E74-BB5E-6D6E9DD92487}.Debug|iPhone.Deploy.0 = Debug|iPhone
		{9CBCCAED-D9A7-4E74-BB5E-6D6E9DD92487}.Debug|iPhoneSimulator.ActiveCfg = Debug|iPhoneSimulator
		{9CBCCAED-D9A7-4E74-BB5E-6D6E9DD92487}.Debug|iPhoneSimulator.Build.0 = Debug|iPhoneSimulator
		{9CBCCAED-D9A7-4E74-BB5E-6D6E9DD92487}.Debug|iPhoneSimulator.Deploy.0 = Debug|iPhoneSimulator
		{9CBCCAED-D9A7-4E74-BB5E-6D6E9DD92487}.Release|Any CPU.ActiveCfg = Release|iPhone
		{9CBCCAED-D9A7-4E74-BB5E-6D6E9DD92487}.Release|Any CPU.Build.0 = Release|iPhone
		{9CBCCAED-D9A7-4E74-BB5E-6D6E9DD92487}.Release|Any CPU.Deploy.0 = Release|iPhone
		{9CBCCAED-D9A7-4E74-BB5E-6D6E9DD92487}.Release|iPhone.ActiveCfg = Release|iPhone
		{9CBCCAED-D9A7-4E74-BB5E-6D6E9DD92487}.Release|iPhone.Build.0 = Release|iPhone
		{9CBCCAED-D9A7-4E74-BB5E-6D6E9DD92487}.Release|iPhone.Deploy.0 = Release|iPhone
		{9CBCCAED-D9A7-4E74-BB5E-6D6E9DD92487}.Release|iPhoneSimulator.ActiveCfg = Release|iPhoneSimulator
		{9CBCCAED-D9A7-4E74-BB5E-6D6E9DD92487}.Release|iPhoneSimulator.Build.0 = Release|iPhoneSimulator
		{9CBCCAED-D9A7-4E74-BB5E-6D6E9DD92487}.Release|iPhoneSimulator.Deploy.0 = Release|iPhoneSimulator
		{506727B2-66D4-408B-B24E-348F587413E0}.Ad-Hoc|Any CPU.ActiveCfg = Debug|Any CPU
		{506727B2-66D4-408B-B24E-348F587413E0}.Ad-Hoc|Any CPU.Build.0 = Debug|Any CPU
		{506727B2-66D4-408B-B24E-348F587413E0}.Ad-Hoc|Any CPU.Deploy.0 = Debug|Any CPU
		{506727B2-66D4-408B-B24E-348F587413E0}.Ad-Hoc|iPhone.ActiveCfg = Debug|Any CPU
		{506727B2-66D4-408B-B24E-348F587413E0}.Ad-Hoc|iPhone.Build.0 = Debug|Any CPU
		{506727B2-66D4-408B-B24E-348F587413E0}.Ad-Hoc|iPhone.Deploy.0 = Debug|Any CPU
		{506727B2-66D4-408B-B24E-348F587413E0}.Ad-Hoc|iPhoneSimulator.ActiveCfg = Debug|Any CPU
		{506727B2-66D4-408B-B24E-348F587413E0}.Ad-Hoc|iPhoneSimulator.Build.0 = Debug|Any CPU
		{506727B2-66D4-408B-B24E-348F587413E0}.Ad-Hoc|iPhoneSimulator.Deploy.0 = Debug|Any CPU
		{506727B2-66D4-408B-B24E-348F587413E0}.AppStore|Any CPU.ActiveCfg = Debug|Any CPU
		{506727B2-66D4-408B-B24E-348F587413E0}.AppStore|Any CPU.Build.0 = Debug|Any CPU
		{506727B2-66D4-408B-B24E-348F587413E0}.AppStore|Any CPU.Deploy.0 = Debug|Any CPU
		{506727B2-66D4-408B-B24E-348F587413E0}.AppStore|iPhone.ActiveCfg = Debug|Any CPU
		{506727B2-66D4-408B-B24E-348F587413E0}.AppStore|iPhone.Build.0 = Debug|Any CPU
		{506727B2-66D4-408B-B24E-348F587413E0}.AppStore|iPhone.Deploy.0 = Debug|Any CPU
		{506727B2-66D4-408B-B24E-348F587413E0}.AppStore|iPhoneSimulator.ActiveCfg = Debug|Any CPU
		{506727B2-66D4-408B-B24E-348F587413E0}.AppStore|iPhoneSimulator.Build.0 = Debug|Any CPU
		{506727B2-66D4-408B-B24E-348F587413E0}.AppStore|iPhoneSimulator.Deploy.0 = Debug|Any CPU
		{506727B2-66D4-408B-B24E-348F587413E0}.Debug|Any CPU.ActiveCfg = Debug|Any CPU
		{506727B2-66D4-408B-B24E-348F587413E0}.Debug|Any CPU.Build.0 = Debug|Any CPU
		{506727B2-66D4-408B-B24E-348F587413E0}.Debug|Any CPU.Deploy.0 = Debug|Any CPU
		{506727B2-66D4-408B-B24E-348F587413E0}.Debug|iPhone.ActiveCfg = Debug|Any CPU
		{506727B2-66D4-408B-B24E-348F587413E0}.Debug|iPhone.Build.0 = Debug|Any CPU
		{506727B2-66D4-408B-B24E-348F587413E0}.Debug|iPhone.Deploy.0 = Debug|Any CPU
		{506727B2-66D4-408B-B24E-348F587413E0}.Debug|iPhoneSimulator.ActiveCfg = Debug|Any CPU
		{506727B2-66D4-408B-B24E-348F587413E0}.Debug|iPhoneSimulator.Build.0 = Debug|Any CPU
		{506727B2-66D4-408B-B24E-348F587413E0}.Debug|iPhoneSimulator.Deploy.0 = Debug|Any CPU
		{506727B2-66D4-408B-B24E-348F587413E0}.Release|Any CPU.ActiveCfg = Release|Any CPU
		{506727B2-66D4-408B-B24E-348F587413E0}.Release|Any CPU.Build.0 = Release|Any CPU
		{506727B2-66D4-408B-B24E-348F587413E0}.Release|Any CPU.Deploy.0 = Release|Any CPU
		{506727B2-66D4-408B-B24E-348F587413E0}.Release|iPhone.ActiveCfg = Release|Any CPU
		{506727B2-66D4-408B-B24E-348F587413E0}.Release|iPhone.Build.0 = Release|Any CPU
		{506727B2-66D4-408B-B24E-348F587413E0}.Release|iPhone.Deploy.0 = Release|Any CPU
		{506727B2-66D4-408B-B24E-348F587413E0}.Release|iPhoneSimulator.ActiveCfg = Release|Any CPU
		{506727B2-66D4-408B-B24E-348F587413E0}.Release|iPhoneSimulator.Build.0 = Release|Any CPU
		{506727B2-66D4-408B-B24E-348F587413E0}.Release|iPhoneSimulator.Deploy.0 = Release|Any CPU
	EndGlobalSection
	GlobalSection(SolutionProperties) = preSolution
		HideSolutionNode = FALSE
	EndGlobalSection
	GlobalSection(ExtensibilityGlobals) = postSolution
		SolutionGuid = {62E4C2DF-2769-45CE-908A-EDAD2067E220}
	EndGlobalSection
EndGlobal
